{
  "name": "portfolio",
  "lockfileVersion": 3,
  "requires": true,
  "packages": {
    "": {
      "devDependencies": {
        "@iconify-json/entypo-social": "^1.2.3"
      }
    },
    "node_modules/@iconify-json/entypo-social": {
      "version": "1.2.3",
      "resolved": "https://registry.npmjs.org/@iconify-json/entypo-social/-/entypo-social-1.2.3.tgz",
      "integrity": "sha512-bElykASATvhofbhceBs3cg9OOt5X4nb0I4KtpYgtG3yRRtAURRCPvRu0X3IafDA6CnuRBLGF36tssCU2Tm0ysw==",
      "dev": true,
      "dependencies": {
        "@iconify/types": "*"
      }
    },
    "node_modules/@iconify/types": {
      "version": "2.0.0",
      "resolved": "https://registry.npmjs.org/@iconify/types/-/types-2.0.0.tgz",
      "integrity": "sha512-+wluvCrRhXrhyOmRDJ3q8mux9JkKy5SJ/v8ol2tu4FVjyYvtEzkc/3pK15ET6RKg4b4w4BmTk1+gsCUhf21Ykg==",
      "dev": true
    }
  }
}
